
Microsoft Visual Studio Solution File, Format Version 12.00
# Visual Studio 2013
VisualStudioVersion = 12.0.31101.0
MinimumVisualStudioVersion = 10.0.40219.1
Project("{FAE04EC0-301F-11D3-BF4B-00C04F79EFBC}") = "AppMobileSMR", "AppMobileSMR\AppMobileSMR.csproj", "{C4F671DC-2872-4022-871C-07CE05C52A6B}"
EndProject
Project("{FAE04EC0-301F-11D3-BF4B-00C04F79EFBC}") = "AppWebSMR", "AppWebSMR\AppWebSMR.csproj", "{BBBB216F-DC89-451A-AE6F-3D65D9C2613C}"
EndProject
Project("{FAE04EC0-301F-11D3-BF4B-00C04F79EFBC}") = "WebServiceMobileSMR", "WebServiceMobileSMR\WebServiceMobileSMR.csproj", "{D4B53FAA-59B9-4533-A463-F73F5304494F}"
EndProject
Project("{FAE04EC0-301F-11D3-BF4B-00C04F79EFBC}") = "WebServiceWebSMR", "WebServiceWebSMR\WebServiceWebSMR.csproj", "{8193CBEA-AE96-4777-854F-9C333A807217}"
EndProject
Global
	GlobalSection(SolutionConfigurationPlatforms) = preSolution
		Debug|Any CPU = Debug|Any CPU
		Release|Any CPU = Release|Any CPU
	EndGlobalSection
	GlobalSection(ProjectConfigurationPlatforms) = postSolution
		{C4F671DC-2872-4022-871C-07CE05C52A6B}.Debug|Any CPU.ActiveCfg = Debug|Any CPU
		{C4F671DC-2872-4022-871C-07CE05C52A6B}.Debug|Any CPU.Build.0 = Debug|Any CPU
		{C4F671DC-2872-4022-871C-07CE05C52A6B}.Release|Any CPU.ActiveCfg = Release|Any CPU
		{C4F671DC-2872-4022-871C-07CE05C52A6B}.Release|Any CPU.Build.0 = Release|Any CPU
		{BBBB216F-DC89-451A-AE6F-3D65D9C2613C}.Debug|Any CPU.ActiveCfg = Debug|Any CPU
		{BBBB216F-DC89-451A-AE6F-3D65D9C2613C}.Debug|Any CPU.Build.0 = Debug|Any CPU
		{BBBB216F-DC89-451A-AE6F-3D65D9C2613C}.Release|Any CPU.ActiveCfg = Release|Any CPU
		{BBBB216F-DC89-451A-AE6F-3D65D9C2613C}.Release|Any CPU.Build.0 = Release|Any CPU
		{D4B53FAA-59B9-4533-A463-F73F5304494F}.Debug|Any CPU.ActiveCfg = Debug|Any CPU
		{D4B53FAA-59B9-4533-A463-F73F5304494F}.Debug|Any CPU.Build.0 = Debug|Any CPU
		{D4B53FAA-59B9-4533-A463-F73F5304494F}.Release|Any CPU.ActiveCfg = Release|Any CPU
		{D4B53FAA-59B9-4533-A463-F73F5304494F}.Release|Any CPU.Build.0 = Release|Any CPU
		{8193CBEA-AE96-4777-854F-9C333A807217}.Debug|Any CPU.ActiveCfg = Debug|Any CPU
		{8193CBEA-AE96-4777-854F-9C333A807217}.Debug|Any CPU.Build.0 = Debug|Any CPU
		{8193CBEA-AE96-4777-854F-9C333A807217}.Release|Any CPU.ActiveCfg = Release|Any CPU
		{8193CBEA-AE96-4777-854F-9C333A807217}.Release|Any CPU.Build.0 = Release|Any CPU
	EndGlobalSection
	GlobalSection(SolutionProperties) = preSolution
		HideSolutionNode = FALSE
	EndGlobalSection
EndGlobal
